{
  "version": 1,
  "dependencies": {
    "net8.0": {
      "Scriban": {
        "type": "Direct",
        "requested": "[5.10.0, )",
        "resolved": "5.10.0",
        "contentHash": "qk2W8wQpm7mykWrEi9fhjC7uVapT2bkweMuMqebrF7gaVMt0WjmZzyVVTpom5cUsc3ddMDpo95SkNcTWGo+L6Q=="
      },
      "YamlDotNet": {
        "type": "Direct",
        "requested": "[13.7.1, )",
        "resolved": "13.7.1",
        "contentHash": "X4m1PnFcJwvAj1sCDMntg/eZcX96CJLrWMiYnq41KqhFVZPuw63ZTSxIGqgdCwHWHvCAyTxheELC/VDf1HsU2A=="
      }
    }
  }
}