{
  "version": 1,
  "dependencies": {
    "net10.0": {
      "Microsoft.DotNet.ILCompiler": {
        "type": "Direct",
        "requested": "[10.0.3, )",
        "resolved": "10.0.3",
        "contentHash": "FdeoIQNhYHZ9wcK8RygoBT/L0KADFaErLten4vSmxyI9oDElkD519zUXh9V0MA5h+fnFDVsmglvFdsOvGdmZ/g=="
      },
      "Microsoft.NET.ILLink.Tasks": {
        "type": "Direct",
        "requested": "[10.0.3, )",
        "resolved": "10.0.3",
        "contentHash": "xyaYM6s1/+pt0a1EmykvD8ryJ2UVxI6hulz/BIMkUJE+nrmMLbTPTo6pU6T+TPFCJQ9UZtkc0E18CMFgz871Tw=="
      }
    },
    "net10.0/osx-x64": {}
  }
}