{
  "version": 1,
  "dependencies": {
    "net10.0": {
      "Microsoft.DotNet.ILCompiler": {
        "type": "Direct",
        "requested": "[10.0.2, )",
        "resolved": "10.0.2",
        "contentHash": "0g8tazNW4q0anSYNl1hnaHGc7+BQXwpNBMx3d5T3JboOVzz4OXZgqbuoBYfn60VtDFtBMNVS2Kfopelpo2pLZA=="
      },
      "Microsoft.NET.ILLink.Tasks": {
        "type": "Direct",
        "requested": "[10.0.2, )",
        "resolved": "10.0.2",
        "contentHash": "sXdDtMf2qcnbygw9OdE535c2lxSxrZP8gO4UhDJ0xiJbl1wIqXS1OTcTDFTIJPOFd6Mhcm8gPEthqWGUxBsTqw=="
      },
      "Antlr4.Runtime.Standard": {
        "type": "Transitive",
        "resolved": "4.13.1",
        "contentHash": "Da5+i4kFHUseJRZGcBG5fmZGpA/Ns180ibrQMxgZzjpQOnENVvSL5gi5HZ8Ncz8/AR2WsKbOg2lMBzjz0HUQcA=="
      },
      "Google.OrTools": {
        "type": "Transitive",
        "resolved": "9.10.4067",
        "contentHash": "b4F5bO1tLszgd6JHng4zgNBbzLYs3wdZTCqT4xUc50xnOUz6k+qCX7k9H1Q2kK858KIjLSnXWLp2hC9nbz2sTw==",
        "dependencies": {
          "Google.OrTools.runtime.linux-arm64": "9.10.4067",
          "Google.OrTools.runtime.linux-x64": "9.10.4067",
          "Google.OrTools.runtime.osx-arm64": "9.10.4067",
          "Google.OrTools.runtime.osx-x64": "9.10.4067",
          "Google.OrTools.runtime.win-x64": "9.10.4067",
          "Google.Protobuf": "3.26.1"
        }
      },
      "Google.OrTools.runtime.linux-arm64": {
        "type": "Transitive",
        "resolved": "9.10.4067",
        "contentHash": "vzly0LTe1rPes/YyG1slx7fu4MvRNxQ2RseTOXA9AOjbYM5w1mGllknjfR6iIdx4GpuROkRlDA2fLD+47KJGvw=="
      },
      "Google.OrTools.runtime.linux-x64": {
        "type": "Transitive",
        "resolved": "9.10.4067",
        "contentHash": "8J+/Mai5dESMbU4MjwwEOKj19RjZJydOUam0qnvLXwZ2tUhsJHQK58e2VbLuWQDzycUIEODFy8Px8d2Qj2a+4g=="
      },
      "Google.OrTools.runtime.osx-arm64": {
        "type": "Transitive",
        "resolved": "9.10.4067",
        "contentHash": "yiowB0Uegefhvcsu61v6DX5qKBnedlblKQOOzWqiO2GhQ44jZR2NjyFiIMUSeX0dxU2JnCuwDVFlAGWa4D8W6g=="
      },
      "Google.OrTools.runtime.osx-x64": {
        "type": "Transitive",
        "resolved": "9.10.4067",
        "contentHash": "r2jZzYJ98SIJ3Mbq+0HapuyEaMmddnV87Q0mIX0f5R06OWOi78wneiUyWXPeYHJMtzC/iQYGpkEQIZOX4hXuSA=="
      },
      "Google.OrTools.runtime.win-x64": {
        "type": "Transitive",
        "resolved": "9.10.4067",
        "contentHash": "Lj/3OWN5b24CoPJGGvJAY+pPL6sGUWJDpYglq83/dcHitVIYm8qFcR8v8mqiheeYztZVA102yRIOAh2sUZ4eEg=="
      },
      "Google.Protobuf": {
        "type": "Transitive",
        "resolved": "3.26.1",
        "contentHash": "CHZX8zXqhF/fdUtd+AYzew8T2HFkAoe5c7lbGxZY/qryAlQXckDvM5BfOJjXlMS7kyICqQTMszj4w1bX5uBJ/w=="
      },
      "Microsoft.Data.Sqlite": {
        "type": "Transitive",
        "resolved": "10.0.1",
        "contentHash": "qCod03ZbVomDbCRNTy7HXL//FcjKf8p06Lw/m2jcFKFvXGhwAfJ0m3rF2ekTmeRxtep+1LWTPciLFKgQepCqUg==",
        "dependencies": {
          "Microsoft.Data.Sqlite.Core": "10.0.1",
          "SQLitePCLRaw.bundle_e_sqlite3": "2.1.11",
          "SQLitePCLRaw.core": "2.1.11"
        }
      },
      "Microsoft.Data.Sqlite.Core": {
        "type": "Transitive",
        "resolved": "10.0.1",
        "contentHash": "ACiR0/BskX5iKL0q9oYSdO46Igc2rD867Vd+RvM/0CU0+7dn4R40vIQPUWQkza5EGfc4Ts3DinnB8jo7WgQOTg==",
        "dependencies": {
          "SQLitePCLRaw.core": "2.1.11"
        }
      },
      "Microsoft.Extensions.DependencyInjection.Abstractions": {
        "type": "Transitive",
        "resolved": "10.0.1",
        "contentHash": "oIy8fQxxbUsSrrOvgBqlVgOeCtDmrcynnTG+FQufcUWBrwyPfwlUkCDB2vaiBeYPyT+20u9/HeuHeBf+H4F/8g=="
      },
      "Microsoft.Extensions.Logging.Abstractions": {
        "type": "Transitive",
        "resolved": "10.0.1",
        "contentHash": "YkmyiPIWAXVb+lPIrM0LE5bbtLOJkCiRTFiHpkVOvhI7uTvCfoOHLEN0LcsY56GpSD7NqX3gJNpsaDe87/B3zg==",
        "dependencies": {
          "Microsoft.Extensions.DependencyInjection.Abstractions": "10.0.1"
        }
      },
      "SourceGear.sqlite3": {
        "type": "Transitive",
        "resolved": "3.50.4.2",
        "contentHash": "eV9HwQ88WyoU+reGVxJz1SwME9NbYnl9h2LOY15j0LGdXN4JkTJDk8JRRg/yNgt00O3Cn5/qnska10FEZNoU5g=="
      },
      "SQLitePCLRaw.bundle_e_sqlite3": {
        "type": "Transitive",
        "resolved": "3.0.2",
        "contentHash": "nzPPFpELY9U1scLvQpA1k1GIgR9ror83DCPmirT2/i5NCPdTBfhTDA6MZqFZonGDayye5mUQRQLOVyEiJNYr0g==",
        "dependencies": {
          "SQLitePCLRaw.config.e_sqlite3": "3.0.2",
          "SourceGear.sqlite3": "3.50.4.2"
        }
      },
      "SQLitePCLRaw.config.e_sqlite3": {
        "type": "Transitive",
        "resolved": "3.0.2",
        "contentHash": "QPHR1Axs8YCCapb0TnmT7PxY9DX3sg4I4T9HOSKeFBiT5l482mjrOIxuyt+xOCwEQ2Enq5h0tgDOXMnJi+i0sw==",
        "dependencies": {
          "SQLitePCLRaw.provider.e_sqlite3": "3.0.2"
        }
      },
      "SQLitePCLRaw.core": {
        "type": "Transitive",
        "resolved": "3.0.2",
        "contentHash": "tnbRf0muOOSJK1RLCfyYK13jynFScgL4xMj7yC3oy8lrrGKXTKmOoWjfdV+cFfBRdppm4qST31hvp8ihgIgvMQ=="
      },
      "SQLitePCLRaw.provider.e_sqlite3": {
        "type": "Transitive",
        "resolved": "3.0.2",
        "contentHash": "RQIliDp47mQxGYNcBB6W+ezHbegkImrSZVTuWjQCSTTl3pQ37Q3rALkkkdTAMEmcIz71PEOCqNZMp7lXCnVqEQ==",
        "dependencies": {
          "SQLitePCLRaw.core": "3.0.2"
        }
      },
      "YamlDotNet": {
        "type": "Transitive",
        "resolved": "13.7.1",
        "contentHash": "X4m1PnFcJwvAj1sCDMntg/eZcX96CJLrWMiYnq41KqhFVZPuw63ZTSxIGqgdCwHWHvCAyTxheELC/VDf1HsU2A=="
      },
      "cascode.bench": {
        "type": "Project"
      },
      "cascode.language": {
        "type": "Project",
        "dependencies": {
          "Antlr4.Runtime.Standard": "[4.13.1, )",
          "Cascode.Bench": "[0.5.2, )",
          "Microsoft.Extensions.Logging.Abstractions": "[10.0.1, )"
        }
      },
      "cascode.render": {
        "type": "Project",
        "dependencies": {
          "Cascode.Language": "[0.5.2, )",
          "Google.OrTools": "[9.10.4067, )"
        }
      },
      "cascode.workspace": {
        "type": "Project",
        "dependencies": {
          "Microsoft.Data.Sqlite": "[10.0.1, )",
          "Microsoft.Extensions.Logging.Abstractions": "[10.0.1, )",
          "SQLitePCLRaw.bundle_e_sqlite3": "[3.0.2, )",
          "YamlDotNet": "[13.7.1, )"
        }
      }
    }
  }
}