{
  "version": 1,
  "dependencies": {
    "net8.0": {
      "Antlr4.Runtime.Standard": {
        "type": "Direct",
        "requested": "[4.13.1, )",
        "resolved": "4.13.1",
        "contentHash": "Da5+i4kFHUseJRZGcBG5fmZGpA/Ns180ibrQMxgZzjpQOnENVvSL5gi5HZ8Ncz8/AR2WsKbOg2lMBzjz0HUQcA=="
      },
      "Microsoft.NET.ILLink.Tasks": {
        "type": "Direct",
        "requested": "[8.0.15, )",
        "resolved": "8.0.15",
        "contentHash": "s4eXlcRGyHeCgFUGQnhq0e/SCHBPp0jOHgMqZg3fQ2OCHJSm1aOUhI6RFWuVIcEb9ig2WgI2kWukk8wu72EbUQ=="
      }
    },
    "net8.0/linux-x64": {}
  }
}