{
  "version": 1,
  "dependencies": {
    "net8.0": {
      "Spectre.Console": {
        "type": "Direct",
        "requested": "[0.47.0, )",
        "resolved": "0.47.0",
        "contentHash": "wz8mszcZr0cSOo8GyoG9e2DFW0SkMT8/n78Q/lIXX7EbCtHNXOoOKWpJ9Str+rCYtmQOGGyDutZzubrUHK/XkA==",
        "dependencies": {
          "System.Memory": "4.5.5"
        }
      },
      "Microsoft.Data.Sqlite": {
        "type": "Transitive",
        "resolved": "8.0.8",
        "contentHash": "Ao+kD9lZpZvvvfLHMR4/UviFGXaWhQ9AVT4fYMl62XWgIPuVIhZqLysmDNiXbsz6Pb87iyyElX2xSfigzKNZNg==",
        "dependencies": {
          "Microsoft.Data.Sqlite.Core": "8.0.8",
          "SQLitePCLRaw.bundle_e_sqlite3": "2.1.6"
        }
      },
      "Microsoft.Data.Sqlite.Core": {
        "type": "Transitive",
        "resolved": "8.0.8",
        "contentHash": "qHInO2EvOcPhjgboP0TGnXM7rASdvWXrw6jAH8Yuz5YP82VTje7d/NKiX1i+dVbE3+G3JuW1kqNVB8yLvsqgYA==",
        "dependencies": {
          "SQLitePCLRaw.core": "2.1.6"
        }
      },
      "Scriban": {
        "type": "Transitive",
        "resolved": "5.10.0",
        "contentHash": "qk2W8wQpm7mykWrEi9fhjC7uVapT2bkweMuMqebrF7gaVMt0WjmZzyVVTpom5cUsc3ddMDpo95SkNcTWGo+L6Q=="
      },
      "SQLitePCLRaw.bundle_e_sqlite3": {
        "type": "Transitive",
        "resolved": "2.1.8",
        "contentHash": "zIk4j5WLCj9E/8FV3Zy31ca/5klVKoeiT3bZoY8bOlNpDt/CE1+EUxmeoZ5IW09T2OXG3AwKICcqCaS6aHEPWw==",
        "dependencies": {
          "SQLitePCLRaw.lib.e_sqlite3": "2.1.8",
          "SQLitePCLRaw.provider.e_sqlite3": "2.1.8"
        }
      },
      "SQLitePCLRaw.core": {
        "type": "Transitive",
        "resolved": "2.1.8",
        "contentHash": "jre/gajSA2Bz3kzYD8DxMpJehAtxY5/V2UE/OR0v48zY122hJOXBvGumV+/zEMg1l0lEVFJfJCpkJGQp7GBwRw==",
        "dependencies": {
          "System.Memory": "4.5.3"
        }
      },
      "SQLitePCLRaw.lib.e_sqlite3": {
        "type": "Transitive",
        "resolved": "2.1.8",
        "contentHash": "YQnIGZiMskhTogTiZfNe8Y1SK3Tke0JKnLHyPMQjDCa0I/MNsDoEE2fb4g/MZ1MKAn/A66wNxcLvwAC2dr6XPQ=="
      },
      "SQLitePCLRaw.provider.e_sqlite3": {
        "type": "Transitive",
        "resolved": "2.1.8",
        "contentHash": "g5pnvmUereQirZkJGbZiOR2Y9bBlhHVt7Vgmnu3CGq00VdyGfD9hyQN0f8yrrSfFfgtbuxWDw2VTdDAOuMZEzQ==",
        "dependencies": {
          "SQLitePCLRaw.core": "2.1.8"
        }
      },
      "System.Memory": {
        "type": "Transitive",
        "resolved": "4.5.5",
        "contentHash": "XIWiDvKPXaTveaB7HVganDlOCRoj03l+jrwNvcge/t8vhGYKvqV+dMv6G4SAX2NoNmN0wZfVPTAlFwZcZvVOUw=="
      },
      "YamlDotNet": {
        "type": "Transitive",
        "resolved": "13.7.1",
        "contentHash": "X4m1PnFcJwvAj1sCDMntg/eZcX96CJLrWMiYnq41KqhFVZPuw63ZTSxIGqgdCwHWHvCAyTxheELC/VDf1HsU2A=="
      },
      "cascode.bench": {
        "type": "Project",
        "dependencies": {
          "Scriban": "[5.10.0, )",
          "YamlDotNet": "[13.7.1, )"
        }
      },
      "cascode.workspace": {
        "type": "Project",
        "dependencies": {
          "Microsoft.Data.Sqlite": "[8.0.8, )",
          "SQLitePCLRaw.bundle_e_sqlite3": "[2.1.8, )"
        }
      }
    }
  }
}